
Microsoft Visual Studio Solution File, Format Version 12.00
# Visual Studio 15
VisualStudioVersion = 15.0.26124.0
MinimumVisualStudioVersion = 15.0.26124.0
Project("{2150E333-8FDC-42A3-9474-1A3956D46DE8}") = "src", "src", "{2330D5F0-A840-43C5-B269-6F427BB1310B}"
EndProject
Project("{FAE04EC0-301F-11D3-BF4B-00C04F79EFBC}") = "DevTools", "src\DevTools\DevTools.csproj", "{257FC0CB-0DFB-4519-B922-0C6751C253C7}"
EndProject
Project("{2150E333-8FDC-42A3-9474-1A3956D46DE8}") = "test", "test", "{8F2DC055-68FC-43EA-B215-47B23EC06F22}"
EndProject
Project("{FAE04EC0-301F-11D3-BF4B-00C04F79EFBC}") = "DevTools.Tests", "test\DevTools.Tests\DevTools.Tests.csproj", "{9222F381-62F3-44CB-939E-290DE4D5EFED}"
EndProject
Global
	GlobalSection(SolutionConfigurationPlatforms) = preSolution
		Debug|Any CPU = Debug|Any CPU
		Debug|x64 = Debug|x64
		Debug|x86 = Debug|x86
		Release|Any CPU = Release|Any CPU
		Release|x64 = Release|x64
		Release|x86 = Release|x86
	EndGlobalSection
	GlobalSection(SolutionProperties) = preSolution
		HideSolutionNode = FALSE
	EndGlobalSection
	GlobalSection(ProjectConfigurationPlatforms) = postSolution
		{257FC0CB-0DFB-4519-B922-0C6751C253C7}.Debug|Any CPU.ActiveCfg = Debug|Any CPU
		{257FC0CB-0DFB-4519-B922-0C6751C253C7}.Debug|Any CPU.Build.0 = Debug|Any CPU
		{257FC0CB-0DFB-4519-B922-0C6751C253C7}.Debug|x64.ActiveCfg = Debug|Any CPU
		{257FC0CB-0DFB-4519-B922-0C6751C253C7}.Debug|x64.Build.0 = Debug|Any CPU
		{257FC0CB-0DFB-4519-B922-0C6751C253C7}.Debug|x86.ActiveCfg = Debug|Any CPU
		{257FC0CB-0DFB-4519-B922-0C6751C253C7}.Debug|x86.Build.0 = Debug|Any CPU
		{257FC0CB-0DFB-4519-B922-0C6751C253C7}.Release|Any CPU.ActiveCfg = Release|Any CPU
		{257FC0CB-0DFB-4519-B922-0C6751C253C7}.Release|Any CPU.Build.0 = Release|Any CPU
		{257FC0CB-0DFB-4519-B922-0C6751C253C7}.Release|x64.ActiveCfg = Release|Any CPU
		{257FC0CB-0DFB-4519-B922-0C6751C253C7}.Release|x64.Build.0 = Release|Any CPU
		{257FC0CB-0DFB-4519-B922-0C6751C253C7}.Release|x86.ActiveCfg = Release|Any CPU
		{257FC0CB-0DFB-4519-B922-0C6751C253C7}.Release|x86.Build.0 = Release|Any CPU
		{751B9477-39C4-4AEB-9807-5FD84B3CD0C6}.Debug|Any CPU.ActiveCfg = Debug|Any CPU
		{751B9477-39C4-4AEB-9807-5FD84B3CD0C6}.Debug|Any CPU.Build.0 = Debug|Any CPU
		{751B9477-39C4-4AEB-9807-5FD84B3CD0C6}.Debug|x64.ActiveCfg = Debug|Any CPU
		{751B9477-39C4-4AEB-9807-5FD84B3CD0C6}.Debug|x64.Build.0 = Debug|Any CPU
		{751B9477-39C4-4AEB-9807-5FD84B3CD0C6}.Debug|x86.ActiveCfg = Debug|Any CPU
		{751B9477-39C4-4AEB-9807-5FD84B3CD0C6}.Debug|x86.Build.0 = Debug|Any CPU
		{751B9477-39C4-4AEB-9807-5FD84B3CD0C6}.Release|Any CPU.ActiveCfg = Release|Any CPU
		{751B9477-39C4-4AEB-9807-5FD84B3CD0C6}.Release|Any CPU.Build.0 = Release|Any CPU
		{751B9477-39C4-4AEB-9807-5FD84B3CD0C6}.Release|x64.ActiveCfg = Release|Any CPU
		{751B9477-39C4-4AEB-9807-5FD84B3CD0C6}.Release|x64.Build.0 = Release|Any CPU
		{751B9477-39C4-4AEB-9807-5FD84B3CD0C6}.Release|x86.ActiveCfg = Release|Any CPU
		{751B9477-39C4-4AEB-9807-5FD84B3CD0C6}.Release|x86.Build.0 = Release|Any CPU
		{9222F381-62F3-44CB-939E-290DE4D5EFED}.Debug|Any CPU.ActiveCfg = Debug|Any CPU
		{9222F381-62F3-44CB-939E-290DE4D5EFED}.Debug|Any CPU.Build.0 = Debug|Any CPU
		{9222F381-62F3-44CB-939E-290DE4D5EFED}.Debug|x64.ActiveCfg = Debug|Any CPU
		{9222F381-62F3-44CB-939E-290DE4D5EFED}.Debug|x64.Build.0 = Debug|Any CPU
		{9222F381-62F3-44CB-939E-290DE4D5EFED}.Debug|x86.ActiveCfg = Debug|Any CPU
		{9222F381-62F3-44CB-939E-290DE4D5EFED}.Debug|x86.Build.0 = Debug|Any CPU
		{9222F381-62F3-44CB-939E-290DE4D5EFED}.Release|Any CPU.ActiveCfg = Release|Any CPU
		{9222F381-62F3-44CB-939E-290DE4D5EFED}.Release|Any CPU.Build.0 = Release|Any CPU
		{9222F381-62F3-44CB-939E-290DE4D5EFED}.Release|x64.ActiveCfg = Release|Any CPU
		{9222F381-62F3-44CB-939E-290DE4D5EFED}.Release|x64.Build.0 = Release|Any CPU
		{9222F381-62F3-44CB-939E-290DE4D5EFED}.Release|x86.ActiveCfg = Release|Any CPU
		{9222F381-62F3-44CB-939E-290DE4D5EFED}.Release|x86.Build.0 = Release|Any CPU
	EndGlobalSection
	GlobalSection(NestedProjects) = preSolution
		{257FC0CB-0DFB-4519-B922-0C6751C253C7} = {2330D5F0-A840-43C5-B269-6F427BB1310B}
		{9222F381-62F3-44CB-939E-290DE4D5EFED} = {8F2DC055-68FC-43EA-B215-47B23EC06F22}
	EndGlobalSection
EndGlobal
